{
  "version": 4,
  "terraform_version": "1.0.10",
  "serial": 3,
  "lineage": "f8bdd3fb-afd2-6f63-c2fa-69b804fabb97",
  "outputs": {},
  "resources": [
    {
      "mode": "managed",
      "type": "aws_instance",
      "name": "example",
      "provider": "provider[\"registry.terraform.io/hashicorp/aws\"]",
      "instances": [
        {
          "schema_version": 1,
          "attributes": {
            "ami": "ami-0133407e358cc1af0",
            "arn": "arn:aws:ec2:us-east-1:484236353667:instance/i-0f2fab69c84974975",
            "associate_public_ip_address": true,
            "availability_zone": "us-east-1a",
            "capacity_reservation_specification": [
              {
                "capacity_reservation_preference": "open",
                "capacity_reservation_target": []
              }
            ],
            "cpu_core_count": 1,
            "cpu_threads_per_core": 1,
            "credit_specification": [
              {
                "cpu_credits": "standard"
              }
            ],
            "disable_api_termination": false,
            "ebs_block_device": [],
            "ebs_optimized": false,
            "enclave_options": [
              {
                "enabled": false
              }
            ],
            "ephemeral_block_device": [],
            "get_password_data": false,
            "hibernation": false,
            "host_id": null,
            "iam_instance_profile": "",
            "id": "i-0f2fab69c84974975",
            "instance_initiated_shutdown_behavior": "stop",
            "instance_state": "running",
            "instance_type": "t2.micro",
            "ipv6_address_count": 0,
            "ipv6_addresses": [],
            "key_name": "mykey",
            "launch_template": [],
            "metadata_options": [
              {
                "http_endpoint": "enabled",
                "http_put_response_hop_limit": 1,
                "http_tokens": "optional"
              }
            ],
            "monitoring": false,
            "network_interface": [],
            "outpost_arn": "",
            "password_data": "",
            "placement_group": "",
            "placement_partition_number": null,
            "primary_network_interface_id": "eni-0c15af6116e39286a",
            "private_dns": "ip-172-31-29-188.ec2.internal",
            "private_ip": "172.31.29.188",
            "public_dns": "ec2-3-88-167-60.compute-1.amazonaws.com",
            "public_ip": "3.88.167.60",
            "root_block_device": [
              {
                "delete_on_termination": true,
                "device_name": "/dev/sda1",
                "encrypted": false,
                "iops": 100,
                "kms_key_id": "",
                "tags": {},
                "throughput": 0,
                "volume_id": "vol-027afe04f12282174",
                "volume_size": 8,
                "volume_type": "gp2"
              }
            ],
            "secondary_private_ips": [],
            "security_groups": [
              "default"
            ],
            "source_dest_check": true,
            "subnet_id": "subnet-0a7f2d7dbb643d0fb",
            "tags": null,
            "tags_all": {},
            "tenancy": "default",
            "timeouts": null,
            "user_data": null,
            "user_data_base64": null,
            "volume_tags": null,
            "vpc_security_group_ids": [
              "sg-0f287634c677e9ca8"
            ]
          },
          "sensitive_attributes": [],
          "private": "eyJlMmJmYjczMC1lY2FhLTExZTYtOGY4OC0zNDM2M2JjN2M0YzAiOnsiY3JlYXRlIjo2MDAwMDAwMDAwMDAsImRlbGV0ZSI6MTIwMDAwMDAwMDAwMCwidXBkYXRlIjo2MDAwMDAwMDAwMDB9LCJzY2hlbWFfdmVyc2lvbiI6IjEifQ==",
          "dependencies": [
            "aws_key_pair.mykey"
          ]
        }
      ]
    },
    {
      "mode": "managed",
      "type": "aws_key_pair",
      "name": "mykey",
      "provider": "provider[\"registry.terraform.io/hashicorp/aws\"]",
      "instances": [
        {
          "schema_version": 1,
          "attributes": {
            "arn": "arn:aws:ec2:us-east-1:484236353667:key-pair/mykey",
            "fingerprint": "57:07:4d:f1:39:83:56:d9:e0:ab:76:c4:50:95:95:4c",
            "id": "mykey",
            "key_name": "mykey",
            "key_name_prefix": null,
            "key_pair_id": "key-093dcb95e8af212ca",
            "public_key": "ssh-rsa AAAAB3NzaC1yc2EAAAADAQABAAABAQCknzCBmY4JPtr283gGocRQPpc+B/vF/yZDbB5xr9YvGqm92e7Etsm6UwnyfGzpg6ETMw28Horziy/IEBfr3TZTCfk6vr+FPXP1qrhBeU+b2GDbZXLG8yOsXvNIS3qaYS1zK8VHk47Sog8dEGNXqcIFrAu43QnVwxGurodEhDJclTKsmgBNdNeLFTe1uVYD/1gYWiXsoGaduSvZgXxt+OSXFeuzWKRQ98s1shReQmbMx3vBMZfHV8jKTq3cW2h45ouW9+AJoDcbst9OKqOhtR/UUMyHL3htbb2H/XFG/KOpN1vUua8jiuJKOQwlE1WBpyKQGp2l/z0fb8FJetgOrvJJ gustavoranz@gustavos-mbp-2.lan",
            "tags": null,
            "tags_all": {}
          },
          "sensitive_attributes": [],
          "private": "eyJzY2hlbWFfdmVyc2lvbiI6IjEifQ=="
        }
      ]
    }
  ]
}
