{
  "version": 4,
  "terraform_version": "1.0.10",
  "serial": 1,
  "lineage": "76ff74c8-7283-fde5-13c2-9698a3faae91",
  "outputs": {},
  "resources": [
    {
      "mode": "data",
      "type": "aws_ip_ranges",
      "name": "european_ec2",
      "provider": "provider[\"registry.terraform.io/hashicorp/aws\"]",
      "instances": [
        {
          "schema_version": 0,
          "attributes": {
            "cidr_blocks": [
              "108.128.0.0/13",
              "15.177.68.0/23",
              "15.177.75.0/24",
              "15.177.89.0/24",
              "15.193.4.0/24",
              "162.213.232.0/24",
              "162.213.233.0/24",
              "162.213.234.0/23",
              "176.34.128.0/17",
              "176.34.64.0/18",
              "18.153.0.0/16",
              "18.156.0.0/14",
              "18.184.0.0/15",
              "18.192.0.0/15",
              "18.194.0.0/15",
              "18.196.0.0/15",
              "18.198.0.0/15",
              "18.200.0.0/16",
              "18.201.0.0/16",
              "18.202.0.0/15",
              "185.48.120.0/22",
              "195.17.0.0/24",
              "208.86.90.0/23",
              "3.120.0.0/14",
              "3.124.0.0/14",
              "3.248.0.0/13",
              "3.5.134.0/23",
              "3.5.136.0/22",
              "3.5.64.0/21",
              "3.5.72.0/23",
              "3.64.0.0/12",
              "34.240.0.0/13",
              "34.248.0.0/13",
              "35.156.0.0/14",
              "46.137.0.0/17",
              "46.137.128.0/18",
              "46.51.128.0/18",
              "46.51.192.0/20",
              "52.16.0.0/15",
              "52.18.0.0/15",
              "52.208.0.0/13",
              "52.28.0.0/16",
              "52.29.0.0/16",
              "52.30.0.0/15",
              "52.46.184.0/22",
              "52.48.0.0/14",
              "52.57.0.0/16",
              "52.58.0.0/15",
              "52.94.248.112/28",
              "52.94.248.16/28",
              "52.95.244.0/24",
              "52.95.248.0/24",
              "52.95.255.128/28",
              "52.95.255.64/28",
              "54.154.0.0/16",
              "54.155.0.0/16",
              "54.170.0.0/15",
              "54.194.0.0/15",
              "54.216.0.0/15",
              "54.220.0.0/16",
              "54.228.0.0/16",
              "54.229.0.0/16",
              "54.246.0.0/16",
              "54.247.0.0/16",
              "54.72.0.0/15",
              "54.74.0.0/15",
              "54.76.0.0/15",
              "54.78.0.0/16",
              "54.93.0.0/16",
              "63.246.113.0/24",
              "63.32.0.0/14",
              "64.252.114.0/24",
              "64.252.115.0/24",
              "64.252.116.0/24",
              "64.252.117.0/24",
              "64.252.86.0/24",
              "64.252.87.0/24",
              "64.252.88.0/24",
              "64.252.89.0/24",
              "70.232.124.0/22",
              "79.125.0.0/17",
              "99.150.16.0/21",
              "99.151.88.0/21",
              "99.77.133.0/24",
              "99.77.136.0/24",
              "99.77.155.0/24",
              "99.77.158.0/24",
              "99.77.247.0/24",
              "99.77.250.0/24",
              "99.80.0.0/15"
            ],
            "create_date": "2021-11-05-01-23-16",
            "id": "1636075396",
            "ipv6_cidr_blocks": [
              "2600:1ffd:80a7::/48",
              "2600:1ffd:80c8::/48",
              "2600:1ffd:80cb::/48",
              "2600:1ffd:80d0::/48",
              "2600:1ffd:80e1::/48",
              "2600:1ffd:80f0::/48",
              "2600:1ffd:838e::/48",
              "2600:1ffd:83ad::/48",
              "2606:f40:4000::/48",
              "2a01:578:13::/64",
              "2a01:578:3::/64",
              "2a05:d000:4000::/40",
              "2a05:d000:8000::/40",
              "2a05:d014::/36",
              "2a05:d018:1000::/36",
              "2a05:d018::/36",
              "2a05:d030:4000::/40",
              "2a05:d030:8000::/40",
              "2a05:d03a:4000::/40",
              "2a05:d03a:8000::/40",
              "2a05:d070:4000::/40",
              "2a05:d070:8000::/40",
              "2a05:d07f:4000::/40",
              "2a05:d07f:8000::/40"
            ],
            "regions": [
              "eu-central-1",
              "eu-west-1"
            ],
            "services": [
              "ec2"
            ],
            "sync_token": 1636075396,
            "url": "https://ip-ranges.amazonaws.com/ip-ranges.json"
          },
          "sensitive_attributes": []
        }
      ]
    },
    {
      "mode": "managed",
      "type": "aws_security_group",
      "name": "from_europe",
      "provider": "provider[\"registry.terraform.io/hashicorp/aws\"]",
      "instances": [
        {
          "schema_version": 1,
          "attributes": {
            "arn": "arn:aws:ec2:us-east-1:484236353667:security-group/sg-0b09ff5f406091bbe",
            "description": "Managed by Terraform",
            "egress": [],
            "id": "sg-0b09ff5f406091bbe",
            "ingress": [
              {
                "cidr_blocks": [
                  "108.128.0.0/13",
                  "15.177.68.0/23",
                  "15.177.75.0/24",
                  "15.177.89.0/24",
                  "15.193.4.0/24",
                  "162.213.232.0/24",
                  "162.213.233.0/24",
                  "162.213.234.0/23",
                  "176.34.128.0/17",
                  "176.34.64.0/18",
                  "18.153.0.0/16",
                  "18.156.0.0/14",
                  "18.184.0.0/15",
                  "18.192.0.0/15",
                  "18.194.0.0/15",
                  "18.196.0.0/15",
                  "18.198.0.0/15",
                  "18.200.0.0/16",
                  "18.201.0.0/16",
                  "18.202.0.0/15",
                  "185.48.120.0/22",
                  "195.17.0.0/24",
                  "208.86.90.0/23",
                  "3.120.0.0/14",
                  "3.124.0.0/14",
                  "3.248.0.0/13",
                  "3.5.134.0/23",
                  "3.5.136.0/22",
                  "3.5.64.0/21",
                  "3.5.72.0/23",
                  "3.64.0.0/12",
                  "34.240.0.0/13",
                  "34.248.0.0/13",
                  "35.156.0.0/14",
                  "46.137.0.0/17",
                  "46.137.128.0/18",
                  "46.51.128.0/18",
                  "46.51.192.0/20",
                  "52.16.0.0/15",
                  "52.18.0.0/15",
                  "52.208.0.0/13",
                  "52.28.0.0/16",
                  "52.29.0.0/16",
                  "52.30.0.0/15",
                  "52.46.184.0/22",
                  "52.48.0.0/14",
                  "52.57.0.0/16",
                  "52.58.0.0/15",
                  "52.94.248.112/28",
                  "52.94.248.16/28"
                ],
                "description": "",
                "from_port": 443,
                "ipv6_cidr_blocks": [],
                "prefix_list_ids": [],
                "protocol": "tcp",
                "security_groups": [],
                "self": false,
                "to_port": 443
              }
            ],
            "name": "from_europe",
            "name_prefix": "",
            "owner_id": "484236353667",
            "revoke_rules_on_delete": false,
            "tags": {
              "CreateDate": "2021-11-05-01-23-16",
              "SyncToken": "1636075396"
            },
            "tags_all": {
              "CreateDate": "2021-11-05-01-23-16",
              "SyncToken": "1636075396"
            },
            "timeouts": null,
            "vpc_id": "vpc-0c1640fbc64b772a5"
          },
          "sensitive_attributes": [],
          "private": "eyJlMmJmYjczMC1lY2FhLTExZTYtOGY4OC0zNDM2M2JjN2M0YzAiOnsiY3JlYXRlIjo2MDAwMDAwMDAwMDAsImRlbGV0ZSI6OTAwMDAwMDAwMDAwfSwic2NoZW1hX3ZlcnNpb24iOiIxIn0=",
          "dependencies": [
            "data.aws_ip_ranges.european_ec2"
          ]
        }
      ]
    }
  ]
}
